
Microsoft Visual Studio Solution File, Format Version 12.00
# Visual Studio 2013
VisualStudioVersion = 12.0.21005.1
MinimumVisualStudioVersion = 10.0.40219.1
Project("{2150E333-8FDC-42A3-9474-1A3956D46DE8}") = "01实体层", "01实体层", "{DF29DBEF-B7F4-456D-9F68-A3470299FF88}"
EndProject
Project("{2150E333-8FDC-42A3-9474-1A3956D46DE8}") = "02数据仓储层", "02数据仓储层", "{B47A49F9-F592-4955-8C81-2A530F93306A}"
EndProject
Project("{2150E333-8FDC-42A3-9474-1A3956D46DE8}") = "03业务逻辑层", "03业务逻辑层", "{6073D057-F2B4-4112-AB38-210E3503E453}"
EndProject
Project("{2150E333-8FDC-42A3-9474-1A3956D46DE8}") = "04公共层", "04公共层", "{8DAA3C8F-14FA-4E3D-8DDD-5F4BFC2EEEC9}"
EndProject
Project("{2150E333-8FDC-42A3-9474-1A3956D46DE8}") = "05UI层", "05UI层", "{FD6DCB61-04D8-4F1C-B11A-862FAA0F5F41}"
EndProject
Project("{FAE04EC0-301F-11D3-BF4B-00C04F79EFBC}") = "Crm.Model", "Crm.Model\Crm.Model.csproj", "{D6AF9FAC-111E-498B-A9F7-B7E011F744E8}"
EndProject
Project("{FAE04EC0-301F-11D3-BF4B-00C04F79EFBC}") = "Crm.Repository", "Crm.Repository\Crm.Repository.csproj", "{DF59EDE8-05AE-4657-ACCA-A817120BD52B}"
EndProject
Project("{FAE04EC0-301F-11D3-BF4B-00C04F79EFBC}") = "Crm.IRepository", "Crm.IRepository\Crm.IRepository.csproj", "{21FC9D1C-66C0-4802-8F23-22613FF541A0}"
EndProject
Project("{FAE04EC0-301F-11D3-BF4B-00C04F79EFBC}") = "Crm.Services", "Crm.Services\Crm.Services.csproj", "{E215C21E-4199-41B0-9B43-3BA7B9EC0DFE}"
EndProject
Project("{FAE04EC0-301F-11D3-BF4B-00C04F79EFBC}") = "Crm.IServices", "Crm.IServices\Crm.IServices.csproj", "{69241F6F-CD86-4FA2-A51B-E2E7391C727A}"
EndProject
Project("{FAE04EC0-301F-11D3-BF4B-00C04F79EFBC}") = "Crm.Site", "Crm.Site\Crm.Site.csproj", "{AE9FC4AF-B2FC-4A9E-86DF-BDF08D008C7E}"
EndProject
Project("{FAE04EC0-301F-11D3-BF4B-00C04F79EFBC}") = "Crm.EntityMapping", "Crm.EntityMapping\Crm.EntityMapping.csproj", "{2705FD0C-C481-4CD0-A29B-C14E1EB8560C}"
EndProject
Global
	GlobalSection(SolutionConfigurationPlatforms) = preSolution
		Debug|Any CPU = Debug|Any CPU
		Release|Any CPU = Release|Any CPU
	EndGlobalSection
	GlobalSection(ProjectConfigurationPlatforms) = postSolution
		{D6AF9FAC-111E-498B-A9F7-B7E011F744E8}.Debug|Any CPU.ActiveCfg = Debug|Any CPU
		{D6AF9FAC-111E-498B-A9F7-B7E011F744E8}.Debug|Any CPU.Build.0 = Debug|Any CPU
		{D6AF9FAC-111E-498B-A9F7-B7E011F744E8}.Release|Any CPU.ActiveCfg = Release|Any CPU
		{D6AF9FAC-111E-498B-A9F7-B7E011F744E8}.Release|Any CPU.Build.0 = Release|Any CPU
		{DF59EDE8-05AE-4657-ACCA-A817120BD52B}.Debug|Any CPU.ActiveCfg = Debug|Any CPU
		{DF59EDE8-05AE-4657-ACCA-A817120BD52B}.Debug|Any CPU.Build.0 = Debug|Any CPU
		{DF59EDE8-05AE-4657-ACCA-A817120BD52B}.Release|Any CPU.ActiveCfg = Release|Any CPU
		{DF59EDE8-05AE-4657-ACCA-A817120BD52B}.Release|Any CPU.Build.0 = Release|Any CPU
		{21FC9D1C-66C0-4802-8F23-22613FF541A0}.Debug|Any CPU.ActiveCfg = Debug|Any CPU
		{21FC9D1C-66C0-4802-8F23-22613FF541A0}.Debug|Any CPU.Build.0 = Debug|Any CPU
		{21FC9D1C-66C0-4802-8F23-22613FF541A0}.Release|Any CPU.ActiveCfg = Release|Any CPU
		{21FC9D1C-66C0-4802-8F23-22613FF541A0}.Release|Any CPU.Build.0 = Release|Any CPU
		{E215C21E-4199-41B0-9B43-3BA7B9EC0DFE}.Debug|Any CPU.ActiveCfg = Debug|Any CPU
		{E215C21E-4199-41B0-9B43-3BA7B9EC0DFE}.Debug|Any CPU.Build.0 = Debug|Any CPU
		{E215C21E-4199-41B0-9B43-3BA7B9EC0DFE}.Release|Any CPU.ActiveCfg = Release|Any CPU
		{E215C21E-4199-41B0-9B43-3BA7B9EC0DFE}.Release|Any CPU.Build.0 = Release|Any CPU
		{69241F6F-CD86-4FA2-A51B-E2E7391C727A}.Debug|Any CPU.ActiveCfg = Debug|Any CPU
		{69241F6F-CD86-4FA2-A51B-E2E7391C727A}.Debug|Any CPU.Build.0 = Debug|Any CPU
		{69241F6F-CD86-4FA2-A51B-E2E7391C727A}.Release|Any CPU.ActiveCfg = Release|Any CPU
		{69241F6F-CD86-4FA2-A51B-E2E7391C727A}.Release|Any CPU.Build.0 = Release|Any CPU
		{AE9FC4AF-B2FC-4A9E-86DF-BDF08D008C7E}.Debug|Any CPU.ActiveCfg = Debug|Any CPU
		{AE9FC4AF-B2FC-4A9E-86DF-BDF08D008C7E}.Debug|Any CPU.Build.0 = Debug|Any CPU
		{AE9FC4AF-B2FC-4A9E-86DF-BDF08D008C7E}.Release|Any CPU.ActiveCfg = Release|Any CPU
		{AE9FC4AF-B2FC-4A9E-86DF-BDF08D008C7E}.Release|Any CPU.Build.0 = Release|Any CPU
		{2705FD0C-C481-4CD0-A29B-C14E1EB8560C}.Debug|Any CPU.ActiveCfg = Debug|Any CPU
		{2705FD0C-C481-4CD0-A29B-C14E1EB8560C}.Debug|Any CPU.Build.0 = Debug|Any CPU
		{2705FD0C-C481-4CD0-A29B-C14E1EB8560C}.Release|Any CPU.ActiveCfg = Release|Any CPU
		{2705FD0C-C481-4CD0-A29B-C14E1EB8560C}.Release|Any CPU.Build.0 = Release|Any CPU
	EndGlobalSection
	GlobalSection(SolutionProperties) = preSolution
		HideSolutionNode = FALSE
	EndGlobalSection
	GlobalSection(NestedProjects) = preSolution
		{D6AF9FAC-111E-498B-A9F7-B7E011F744E8} = {DF29DBEF-B7F4-456D-9F68-A3470299FF88}
		{DF59EDE8-05AE-4657-ACCA-A817120BD52B} = {B47A49F9-F592-4955-8C81-2A530F93306A}
		{21FC9D1C-66C0-4802-8F23-22613FF541A0} = {B47A49F9-F592-4955-8C81-2A530F93306A}
		{E215C21E-4199-41B0-9B43-3BA7B9EC0DFE} = {6073D057-F2B4-4112-AB38-210E3503E453}
		{69241F6F-CD86-4FA2-A51B-E2E7391C727A} = {6073D057-F2B4-4112-AB38-210E3503E453}
		{2705FD0C-C481-4CD0-A29B-C14E1EB8560C} = {8DAA3C8F-14FA-4E3D-8DDD-5F4BFC2EEEC9}
		{AE9FC4AF-B2FC-4A9E-86DF-BDF08D008C7E} = {FD6DCB61-04D8-4F1C-B11A-862FAA0F5F41}
	EndGlobalSection
EndGlobal
